# This file is automatically @generated by Cargo.
# It is not intended for manual editing.
version = 4

[[package]]
name = "use-composer-json"
version = "0.0.1"

[[package]]
name = "use-drupal"
version = "0.0.1"

[[package]]
name = "use-laravel"
version = "0.0.1"

[[package]]
name = "use-packagist"
version = "0.0.1"

[[package]]
name = "use-php"
version = "0.0.1"
dependencies = [
 "use-composer-json",
 "use-drupal",
 "use-laravel",
 "use-packagist",
 "use-php-attribute",
 "use-php-autoload",
 "use-php-docblock",
 "use-php-error",
 "use-php-extension",
 "use-php-ini",
 "use-php-namespace",
 "use-php-symbol",
 "use-php-syntax",
 "use-php-token",
 "use-php-type",
 "use-php-version",
 "use-psr",
 "use-wordpress",
 "use-wordpress-block",
 "use-wordpress-hook",
]

[[package]]
name = "use-php-attribute"
version = "0.0.1"

[[package]]
name = "use-php-autoload"
version = "0.0.1"

[[package]]
name = "use-php-docblock"
version = "0.0.1"

[[package]]
name = "use-php-error"
version = "0.0.1"

[[package]]
name = "use-php-extension"
version = "0.0.1"

[[package]]
name = "use-php-ini"
version = "0.0.1"

[[package]]
name = "use-php-namespace"
version = "0.0.1"

[[package]]
name = "use-php-symbol"
version = "0.0.1"

[[package]]
name = "use-php-syntax"
version = "0.0.1"

[[package]]
name = "use-php-token"
version = "0.0.1"

[[package]]
name = "use-php-type"
version = "0.0.1"

[[package]]
name = "use-php-version"
version = "0.0.1"

[[package]]
name = "use-psr"
version = "0.0.1"

[[package]]
name = "use-wordpress"
version = "0.0.1"

[[package]]
name = "use-wordpress-block"
version = "0.0.1"

[[package]]
name = "use-wordpress-hook"
version = "0.0.1"
